// !$*UTF8*$!
{
	archiveVersion = 1;
	classes = {
	};
	objectVersion = 52;
	objects = {

/* Begin PBXBuildFile section */
		35F00B1A26EFB0FE0094CFFA /* AppDelegate.swift in Sources */ = {isa = PBXBuildFile; fileRef = 35F00B1926EFB0FE0094CFFA /* AppDelegate.swift */; };
		35F00B1C26EFB0FE0094CFFA /* SceneDelegate.swift in Sources */ = {isa = PBXBuildFile; fileRef = 35F00B1B26EFB0FE0094CFFA /* SceneDelegate.swift */; };
		35F00B2126EFB0FE0094CFFA /* Main.storyboard in Resources */ = {isa = PBXBuildFile; fileRef = 35F00B1F26EFB0FE0094CFFA /* Main.storyboard */; };
		35F00B2326EFB1000094CFFA /* Assets.xcassets in Resources */ = {isa = PBXBuildFile; fileRef = 35F00B2226EFB1000094CFFA /* Assets.xcassets */; };
		35F00B2626EFB1000094CFFA /* LaunchScreen.storyboard in Resources */ = {isa = PBXBuildFile; fileRef = 35F00B2426EFB1000094CFFA /* LaunchScreen.storyboard */; };
		35F00B3126EFB1000094CFFA /* FlixsterTests.swift in Sources */ = {isa = PBXBuildFile; fileRef = 35F00B3026EFB1000094CFFA /* FlixsterTests.swift */; };
		35F00B3C26EFB1000094CFFA /* FlixsterUITests.swift in Sources */ = {isa = PBXBuildFile; fileRef = 35F00B3B26EFB1000094CFFA /* FlixsterUITests.swift */; };
		35F00B4A26EFCAD50094CFFA /* MoviesViewController.swift in Sources */ = {isa = PBXBuildFile; fileRef = 35F00B4926EFCAD50094CFFA /* MoviesViewController.swift */; };
		35F00B4C26EFD9F40094CFFA /* MovieCell.swift in Sources */ = {isa = PBXBuildFile; fileRef = 35F00B4B26EFD9F40094CFFA /* MovieCell.swift */; };
		35F00B4F26EFDE920094CFFA /* AlamofireImage in Frameworks */ = {isa = PBXBuildFile; productRef = 35F00B4E26EFDE920094CFFA /* AlamofireImage */; };
		38E1B9629F8BE92721C29692 /* Pods_Flixster.framework in Frameworks */ = {isa = PBXBuildFile; fileRef = D29C2A8242A345D18275FD1D /* Pods_Flixster.framework */; };
		753E621B2ED618373A5167DF /* Pods_Flixster_FlixsterUITests.framework in Frameworks */ = {isa = PBXBuildFile; fileRef = 57A6A8F12C894FDEB16DCBC0 /* Pods_Flixster_FlixsterUITests.framework */; };
		A8ACEF77C4B13945CB2C4656 /* Pods_FlixsterTests.framework in Frameworks */ = {isa = PBXBuildFile; fileRef = 54A4120526FBC0C94B4D4BA1 /* Pods_FlixsterTests.framework */; };
/* End PBXBuildFile section */

/* Begin PBXContainerItemProxy section */
		35F00B2D26EFB1000094CFFA /* PBXContainerItemProxy */ = {
			isa = PBXContainerItemProxy;
			containerPortal = 35F00B0E26EFB0FE0094CFFA /* Project object */;
			proxyType = 1;
			remoteGlobalIDString = 35F00B1526EFB0FE0094CFFA;
			remoteInfo = Flixster;
		};
		35F00B3826EFB1000094CFFA /* PBXContainerItemProxy */ = {
			isa = PBXContainerItemProxy;
			containerPortal = 35F00B0E26EFB0FE0094CFFA /* Project object */;
			proxyType = 1;
			remoteGlobalIDString = 35F00B1526EFB0FE0094CFFA;
			remoteInfo = Flixster;
		};
/* End PBXContainerItemProxy section */

/* Begin PBXFileReference section */
		17B6F5D33341AA70CAEACDD2 /* Pods-FlixsterTests.release.xcconfig */ = {isa = PBXFileReference; includeInIndex = 1; lastKnownFileType = text.xcconfig; name = "Pods-FlixsterTests.release.xcconfig"; path = "Target Support Files/Pods-FlixsterTests/Pods-FlixsterTests.release.xcconfig"; sourceTree = "<group>"; };
		35F00B1626EFB0FE0094CFFA /* Flixster.app */ = {isa = PBXFileReference; explicitFileType = wrapper.application; includeInIndex = 0; path = Flixster.app; sourceTree = BUILT_PRODUCTS_DIR; };
		35F00B1926EFB0FE0094CFFA /* AppDelegate.swift */ = {isa = PBXFileReference; lastKnownFileType = sourcecode.swift; path = AppDelegate.swift; sourceTree = "<group>"; };
		35F00B1B26EFB0FE0094CFFA /* SceneDelegate.swift */ = {isa = PBXFileReference; lastKnownFileType = sourcecode.swift; path = SceneDelegate.swift; sourceTree = "<group>"; };
		35F00B2026EFB0FE0094CFFA /* Base */ = {isa = PBXFileReference; lastKnownFileType = file.storyboard; name = Base; path = Base.lproj/Main.storyboard; sourceTree = "<group>"; };
		35F00B2226EFB1000094CFFA /* Assets.xcassets */ = {isa = PBXFileReference; lastKnownFileType = folder.assetcatalog; path = Assets.xcassets; sourceTree = "<group>"; };
		35F00B2526EFB1000094CFFA /* Base */ = {isa = PBXFileReference; lastKnownFileType = file.storyboard; name = Base; path = Base.lproj/LaunchScreen.storyboard; sourceTree = "<group>"; };
		35F00B2726EFB1000094CFFA /* Info.plist */ = {isa = PBXFileReference; lastKnownFileType = text.plist.xml; path = Info.plist; sourceTree = "<group>"; };
		35F00B2C26EFB1000094CFFA /* FlixsterTests.xctest */ = {isa = PBXFileReference; explicitFileType = wrapper.cfbundle; includeInIndex = 0; path = FlixsterTests.xctest; sourceTree = BUILT_PRODUCTS_DIR; };
		35F00B3026EFB1000094CFFA /* FlixsterTests.swift */ = {isa = PBXFileReference; lastKnownFileType = sourcecode.swift; path = FlixsterTests.swift; sourceTree = "<group>"; };
		35F00B3226EFB1000094CFFA /* Info.plist */ = {isa = PBXFileReference; lastKnownFileType = text.plist.xml; path = Info.plist; sourceTree = "<group>"; };
		35F00B3726EFB1000094CFFA /* FlixsterUITests.xctest */ = {isa = PBXFileReference; explicitFileType = wrapper.cfbundle; includeInIndex = 0; path = FlixsterUITests.xctest; sourceTree = BUILT_PRODUCTS_DIR; };
		35F00B3B26EFB1000094CFFA /* FlixsterUITests.swift */ = {isa = PBXFileReference; lastKnownFileType = sourcecode.swift; path = FlixsterUITests.swift; sourceTree = "<group>"; };
		35F00B3D26EFB1000094CFFA /* Info.plist */ = {isa = PBXFileReference; lastKnownFileType = text.plist.xml; path = Info.plist; sourceTree = "<group>"; };
		35F00B4926EFCAD50094CFFA /* MoviesViewController.swift */ = {isa = PBXFileReference; lastKnownFileType = sourcecode.swift; path = MoviesViewController.swift; sourceTree = "<group>"; };
		35F00B4B26EFD9F40094CFFA /* MovieCell.swift */ = {isa = PBXFileReference; lastKnownFileType = sourcecode.swift; path = MovieCell.swift; sourceTree = "<group>"; };
		3B75C26CB71271E76080E620 /* Pods-Flixster.debug.xcconfig */ = {isa = PBXFileReference; includeInIndex = 1; lastKnownFileType = text.xcconfig; name = "Pods-Flixster.debug.xcconfig"; path = "Target Support Files/Pods-Flixster/Pods-Flixster.debug.xcconfig"; sourceTree = "<group>"; };
		54A4120526FBC0C94B4D4BA1 /* Pods_FlixsterTests.framework */ = {isa = PBXFileReference; explicitFileType = wrapper.framework; includeInIndex = 0; path = Pods_FlixsterTests.framework; sourceTree = BUILT_PRODUCTS_DIR; };
		57A6A8F12C894FDEB16DCBC0 /* Pods_Flixster_FlixsterUITests.framework */ = {isa = PBXFileReference; explicitFileType = wrapper.framework; includeInIndex = 0; path = Pods_Flixster_FlixsterUITests.framework; sourceTree = BUILT_PRODUCTS_DIR; };
		690B2B500951B78CC478DA4C /* Pods-Flixster-FlixsterUITests.debug.xcconfig */ = {isa = PBXFileReference; includeInIndex = 1; lastKnownFileType = text.xcconfig; name = "Pods-Flixster-FlixsterUITests.debug.xcconfig"; path = "Target Support Files/Pods-Flixster-FlixsterUITests/Pods-Flixster-FlixsterUITests.debug.xcconfig"; sourceTree = "<group>"; };
		943F7C773E8C03B55E09C8FC /* Pods-Flixster-FlixsterUITests.release.xcconfig */ = {isa = PBXFileReference; includeInIndex = 1; lastKnownFileType = text.xcconfig; name = "Pods-Flixster-FlixsterUITests.release.xcconfig"; path = "Target Support Files/Pods-Flixster-FlixsterUITests/Pods-Flixster-FlixsterUITests.release.xcconfig"; sourceTree = "<group>"; };
		CA3CA80BF076FDD82AEFFF0A /* Pods-Flixster.release.xcconfig */ = {isa = PBXFileReference; includeInIndex = 1; lastKnownFileType = text.xcconfig; name = "Pods-Flixster.release.xcconfig"; path = "Target Support Files/Pods-Flixster/Pods-Flixster.release.xcconfig"; sourceTree = "<group>"; };
		CCA711F644722EEFCAC693AB /* Pods-FlixsterTests.debug.xcconfig */ = {isa = PBXFileReference; includeInIndex = 1; lastKnownFileType = text.xcconfig; name = "Pods-FlixsterTests.debug.xcconfig"; path = "Target Support Files/Pods-FlixsterTests/Pods-FlixsterTests.debug.xcconfig"; sourceTree = "<group>"; };
		D29C2A8242A345D18275FD1D /* Pods_Flixster.framework */ = {isa = PBXFileReference; explicitFileType = wrapper.framework; includeInIndex = 0; path = Pods_Flixster.framework; sourceTree = BUILT_PRODUCTS_DIR; };
/* End PBXFileReference section */

/* Begin PBXFrameworksBuildPhase section */
		35F00B1326EFB0FE0094CFFA /* Frameworks */ = {
			isa = PBXFrameworksBuildPhase;
			buildActionMask = 2147483647;
			files = (
				35F00B4F26EFDE920094CFFA /* AlamofireImage in Frameworks */,
				38E1B9629F8BE92721C29692 /* Pods_Flixster.framework in Frameworks */,
			);
			runOnlyForDeploymentPostprocessing = 0;
		};
		35F00B2926EFB1000094CFFA /* Frameworks */ = {
			isa = PBXFrameworksBuildPhase;
			buildActionMask = 2147483647;
			files = (
				A8ACEF77C4B13945CB2C4656 /* Pods_FlixsterTests.framework in Frameworks */,
			);
			runOnlyForDeploymentPostprocessing = 0;
		};
		35F00B3426EFB1000094CFFA /* Frameworks */ = {
			isa = PBXFrameworksBuildPhase;
			buildActionMask = 2147483647;
			files = (
				753E621B2ED618373A5167DF /* Pods_Flixster_FlixsterUITests.framework in Frameworks */,
			);
			runOnlyForDeploymentPostprocessing = 0;
		};
/* End PBXFrameworksBuildPhase section */

/* Begin PBXGroup section */
		2EC8FD81B82271010E294817 /* Pods */ = {
			isa = PBXGroup;
			children = (
				3B75C26CB71271E76080E620 /* Pods-Flixster.debug.xcconfig */,
				CA3CA80BF076FDD82AEFFF0A /* Pods-Flixster.release.xcconfig */,
				690B2B500951B78CC478DA4C /* Pods-Flixster-FlixsterUITests.debug.xcconfig */,
				943F7C773E8C03B55E09C8FC /* Pods-Flixster-FlixsterUITests.release.xcconfig */,
				CCA711F644722EEFCAC693AB /* Pods-FlixsterTests.debug.xcconfig */,
				17B6F5D33341AA70CAEACDD2 /* Pods-FlixsterTests.release.xcconfig */,
			);
			name = Pods;
			path = Pods;
			sourceTree = "<group>";
		};
		35F00B0D26EFB0FE0094CFFA = {
			isa = PBXGroup;
			children = (
				35F00B1826EFB0FE0094CFFA /* Flixster */,
				35F00B2F26EFB1000094CFFA /* FlixsterTests */,
				35F00B3A26EFB1000094CFFA /* FlixsterUITests */,
				35F00B1726EFB0FE0094CFFA /* Products */,
				2EC8FD81B82271010E294817 /* Pods */,
				73D38F876A8596B2A6E51081 /* Frameworks */,
			);
			sourceTree = "<group>";
		};
		35F00B1726EFB0FE0094CFFA /* Products */ = {
			isa = PBXGroup;
			children = (
				35F00B1626EFB0FE0094CFFA /* Flixster.app */,
				35F00B2C26EFB1000094CFFA /* FlixsterTests.xctest */,
				35F00B3726EFB1000094CFFA /* FlixsterUITests.xctest */,
			);
			name = Products;
			sourceTree = "<group>";
		};
		35F00B1826EFB0FE0094CFFA /* Flixster */ = {
			isa = PBXGroup;
			children = (
				35F00B1926EFB0FE0094CFFA /* AppDelegate.swift */,
				35F00B1B26EFB0FE0094CFFA /* SceneDelegate.swift */,
				35F00B1F26EFB0FE0094CFFA /* Main.storyboard */,
				35F00B2226EFB1000094CFFA /* Assets.xcassets */,
				35F00B2426EFB1000094CFFA /* LaunchScreen.storyboard */,
				35F00B2726EFB1000094CFFA /* Info.plist */,
				35F00B4926EFCAD50094CFFA /* MoviesViewController.swift */,
				35F00B4B26EFD9F40094CFFA /* MovieCell.swift */,
			);
			path = Flixster;
			sourceTree = "<group>";
		};
		35F00B2F26EFB1000094CFFA /* FlixsterTests */ = {
			isa = PBXGroup;
			children = (
				35F00B3026EFB1000094CFFA /* FlixsterTests.swift */,
				35F00B3226EFB1000094CFFA /* Info.plist */,
			);
			path = FlixsterTests;
			sourceTree = "<group>";
		};
		35F00B3A26EFB1000094CFFA /* FlixsterUITests */ = {
			isa = PBXGroup;
			children = (
				35F00B3B26EFB1000094CFFA /* FlixsterUITests.swift */,
				35F00B3D26EFB1000094CFFA /* Info.plist */,
			);
			path = FlixsterUITests;
			sourceTree = "<group>";
		};
		73D38F876A8596B2A6E51081 /* Frameworks */ = {
			isa = PBXGroup;
			children = (
				D29C2A8242A345D18275FD1D /* Pods_Flixster.framework */,
				57A6A8F12C894FDEB16DCBC0 /* Pods_Flixster_FlixsterUITests.framework */,
				54A4120526FBC0C94B4D4BA1 /* Pods_FlixsterTests.framework */,
			);
			name = Frameworks;
			sourceTree = "<group>";
		};
/* End PBXGroup section */

/* Begin PBXNativeTarget section */
		35F00B1526EFB0FE0094CFFA /* Flixster */ = {
			isa = PBXNativeTarget;
			buildConfigurationList = 35F00B4026EFB1000094CFFA /* Build configuration list for PBXNativeTarget "Flixster" */;
			buildPhases = (
				FD474B95544F9BAC5670666C /* [CP] Check Pods Manifest.lock */,
				35F00B1226EFB0FE0094CFFA /* Sources */,
				35F00B1326EFB0FE0094CFFA /* Frameworks */,
				35F00B1426EFB0FE0094CFFA /* Resources */,
				C50B0E082099CA90D6787E36 /* [CP] Embed Pods Frameworks */,
			);
			buildRules = (
			);
			dependencies = (
			);
			name = Flixster;
			packageProductDependencies = (
				35F00B4E26EFDE920094CFFA /* AlamofireImage */,
			);
			productName = Flixster;
			productReference = 35F00B1626EFB0FE0094CFFA /* Flixster.app */;
			productType = "com.apple.product-type.application";
		};
		35F00B2B26EFB1000094CFFA /* FlixsterTests */ = {
			isa = PBXNativeTarget;
			buildConfigurationList = 35F00B4326EFB1000094CFFA /* Build configuration list for PBXNativeTarget "FlixsterTests" */;
			buildPhases = (
				CF2E4D355569590F18C843BE /* [CP] Check Pods Manifest.lock */,
				35F00B2826EFB1000094CFFA /* Sources */,
				35F00B2926EFB1000094CFFA /* Frameworks */,
				35F00B2A26EFB1000094CFFA /* Resources */,
			);
			buildRules = (
			);
			dependencies = (
				35F00B2E26EFB1000094CFFA /* PBXTargetDependency */,
			);
			name = FlixsterTests;
			productName = FlixsterTests;
			productReference = 35F00B2C26EFB1000094CFFA /* FlixsterTests.xctest */;
			productType = "com.apple.product-type.bundle.unit-test";
		};
		35F00B3626EFB1000094CFFA /* FlixsterUITests */ = {
			isa = PBXNativeTarget;
			buildConfigurationList = 35F00B4626EFB1000094CFFA /* Build configuration list for PBXNativeTarget "FlixsterUITests" */;
			buildPhases = (
				C65FFC64E0593B671E086EC7 /* [CP] Check Pods Manifest.lock */,
				35F00B3326EFB1000094CFFA /* Sources */,
				35F00B3426EFB1000094CFFA /* Frameworks */,
				35F00B3526EFB1000094CFFA /* Resources */,
				DC19DB647D242CEEBA238C19 /* [CP] Embed Pods Frameworks */,
			);
			buildRules = (
			);
			dependencies = (
				35F00B3926EFB1000094CFFA /* PBXTargetDependency */,
			);
			name = FlixsterUITests;
			productName = FlixsterUITests;
			productReference = 35F00B3726EFB1000094CFFA /* FlixsterUITests.xctest */;
			productType = "com.apple.product-type.bundle.ui-testing";
		};
/* End PBXNativeTarget section */

/* Begin PBXProject section */
		35F00B0E26EFB0FE0094CFFA /* Project object */ = {
			isa = PBXProject;
			attributes = {
				LastSwiftUpdateCheck = 1250;
				LastUpgradeCheck = 1250;
				TargetAttributes = {
					35F00B1526EFB0FE0094CFFA = {
						CreatedOnToolsVersion = 12.5.1;
					};
					35F00B2B26EFB1000094CFFA = {
						CreatedOnToolsVersion = 12.5.1;
						TestTargetID = 35F00B1526EFB0FE0094CFFA;
					};
					35F00B3626EFB1000094CFFA = {
						CreatedOnToolsVersion = 12.5.1;
						TestTargetID = 35F00B1526EFB0FE0094CFFA;
					};
				};
			};
			buildConfigurationList = 35F00B1126EFB0FE0094CFFA /* Build configuration list for PBXProject "Flixster" */;
			compatibilityVersion = "Xcode 9.3";
			developmentRegion = en;
			hasScannedForEncodings = 0;
			knownRegions = (
				en,
				Base,
			);
			mainGroup = 35F00B0D26EFB0FE0094CFFA;
			packageReferences = (
				35F00B4D26EFDE920094CFFA /* XCRemoteSwiftPackageReference "AlamofireImage" */,
			);
			productRefGroup = 35F00B1726EFB0FE0094CFFA /* Products */;
			projectDirPath = "";
			projectRoot = "";
			targets = (
				35F00B1526EFB0FE0094CFFA /* Flixster */,
				35F00B2B26EFB1000094CFFA /* FlixsterTests */,
				35F00B3626EFB1000094CFFA /* FlixsterUITests */,
			);
		};
/* End PBXProject section */

/* Begin PBXResourcesBuildPhase section */
		35F00B1426EFB0FE0094CFFA /* Resources */ = {
			isa = PBXResourcesBuildPhase;
			buildActionMask = 2147483647;
			files = (
				35F00B2626EFB1000094CFFA /* LaunchScreen.storyboard in Resources */,
				35F00B2326EFB1000094CFFA /* Assets.xcassets in Resources */,
				35F00B2126EFB0FE0094CFFA /* Main.storyboard in Resources */,
			);
			runOnlyForDeploymentPostprocessing = 0;
		};
		35F00B2A26EFB1000094CFFA /* Resources */ = {
			isa = PBXResourcesBuildPhase;
			buildActionMask = 2147483647;
			files = (
			);
			runOnlyForDeploymentPostprocessing = 0;
		};
		35F00B3526EFB1000094CFFA /* Resources */ = {
			isa = PBXResourcesBuildPhase;
			buildActionMask = 2147483647;
			files = (
			);
			runOnlyForDeploymentPostprocessing = 0;
		};
/* End PBXResourcesBuildPhase section */

/* Begin PBXShellScriptBuildPhase section */
		C50B0E082099CA90D6787E36 /* [CP] Embed Pods Frameworks */ = {
			isa = PBXShellScriptBuildPhase;
			buildActionMask = 2147483647;
			files = (
			);
			inputFileListPaths = (
				"${PODS_ROOT}/Target Support Files/Pods-Flixster/Pods-Flixster-frameworks-${CONFIGURATION}-input-files.xcfilelist",
			);
			name = "[CP] Embed Pods Frameworks";
			outputFileListPaths = (
				"${PODS_ROOT}/Target Support Files/Pods-Flixster/Pods-Flixster-frameworks-${CONFIGURATION}-output-files.xcfilelist",
			);
			runOnlyForDeploymentPostprocessing = 0;
			shellPath = /bin/sh;
			shellScript = "\"${PODS_ROOT}/Target Support Files/Pods-Flixster/Pods-Flixster-frameworks.sh\"\n";
			showEnvVarsInLog = 0;
		};
		C65FFC64E0593B671E086EC7 /* [CP] Check Pods Manifest.lock */ = {
			isa = PBXShellScriptBuildPhase;
			buildActionMask = 2147483647;
			files = (
			);
			inputFileListPaths = (
			);
			inputPaths = (
				"${PODS_PODFILE_DIR_PATH}/Podfile.lock",
				"${PODS_ROOT}/Manifest.lock",
			);
			name = "[CP] Check Pods Manifest.lock";
			outputFileListPaths = (
			);
			outputPaths = (
				"$(DERIVED_FILE_DIR)/Pods-Flixster-FlixsterUITests-checkManifestLockResult.txt",
			);
			runOnlyForDeploymentPostprocessing = 0;
			shellPath = /bin/sh;
			shellScript = "diff \"${PODS_PODFILE_DIR_PATH}/Podfile.lock\" \"${PODS_ROOT}/Manifest.lock\" > /dev/null\nif [ $? != 0 ] ; then\n    # print error to STDERR\n    echo \"error: The sandbox is not in sync with the Podfile.lock. Run 'pod install' or update your CocoaPods installation.\" >&2\n    exit 1\nfi\n# This output is used by Xcode 'outputs' to avoid re-running this script phase.\necho \"SUCCESS\" > \"${SCRIPT_OUTPUT_FILE_0}\"\n";
			showEnvVarsInLog = 0;
		};
		CF2E4D355569590F18C843BE /* [CP] Check Pods Manifest.lock */ = {
			isa = PBXShellScriptBuildPhase;
			buildActionMask = 2147483647;
			files = (
			);
			inputFileListPaths = (
			);
			inputPaths = (
				"${PODS_PODFILE_DIR_PATH}/Podfile.lock",
				"${PODS_ROOT}/Manifest.lock",
			);
			name = "[CP] Check Pods Manifest.lock";
			outputFileListPaths = (
			);
			outputPaths = (
				"$(DERIVED_FILE_DIR)/Pods-FlixsterTests-checkManifestLockResult.txt",
			);
			runOnlyForDeploymentPostprocessing = 0;
			shellPath = /bin/sh;
			shellScript = "diff \"${PODS_PODFILE_DIR_PATH}/Podfile.lock\" \"${PODS_ROOT}/Manifest.lock\" > /dev/null\nif [ $? != 0 ] ; then\n    # print error to STDERR\n    echo \"error: The sandbox is not in sync with the Podfile.lock. Run 'pod install' or update your CocoaPods installation.\" >&2\n    exit 1\nfi\n# This output is used by Xcode 'outputs' to avoid re-running this script phase.\necho \"SUCCESS\" > \"${SCRIPT_OUTPUT_FILE_0}\"\n";
			showEnvVarsInLog = 0;
		};
		DC19DB647D242CEEBA238C19 /* [CP] Embed Pods Frameworks */ = {
			isa = PBXShellScriptBuildPhase;
			buildActionMask = 2147483647;
			files = (
			);
			inputFileListPaths = (
				"${PODS_ROOT}/Target Support Files/Pods-Flixster-FlixsterUITests/Pods-Flixster-FlixsterUITests-frameworks-${CONFIGURATION}-input-files.xcfilelist",
			);
			name = "[CP] Embed Pods Frameworks";
			outputFileListPaths = (
				"${PODS_ROOT}/Target Support Files/Pods-Flixster-FlixsterUITests/Pods-Flixster-FlixsterUITests-frameworks-${CONFIGURATION}-output-files.xcfilelist",
			);
			runOnlyForDeploymentPostprocessing = 0;
			shellPath = /bin/sh;
			shellScript = "\"${PODS_ROOT}/Target Support Files/Pods-Flixster-FlixsterUITests/Pods-Flixster-FlixsterUITests-frameworks.sh\"\n";
			showEnvVarsInLog = 0;
		};
		FD474B95544F9BAC5670666C /* [CP] Check Pods Manifest.lock */ = {
			isa = PBXShellScriptBuildPhase;
			buildActionMask = 2147483647;
			files = (
			);
			inputFileListPaths = (
			);
			inputPaths = (
				"${PODS_PODFILE_DIR_PATH}/Podfile.lock",
				"${PODS_ROOT}/Manifest.lock",
			);
			name = "[CP] Check Pods Manifest.lock";
			outputFileListPaths = (
			);
			outputPaths = (
				"$(DERIVED_FILE_DIR)/Pods-Flixster-checkManifestLockResult.txt",
			);
			runOnlyForDeploymentPostprocessing = 0;
			shellPath = /bin/sh;
			shellScript = "diff \"${PODS_PODFILE_DIR_PATH}/Podfile.lock\" \"${PODS_ROOT}/Manifest.lock\" > /dev/null\nif [ $? != 0 ] ; then\n    # print error to STDERR\n    echo \"error: The sandbox is not in sync with the Podfile.lock. Run 'pod install' or update your CocoaPods installation.\" >&2\n    exit 1\nfi\n# This output is used by Xcode 'outputs' to avoid re-running this script phase.\necho \"SUCCESS\" > \"${SCRIPT_OUTPUT_FILE_0}\"\n";
			showEnvVarsInLog = 0;
		};
/* End PBXShellScriptBuildPhase section */

/* Begin PBXSourcesBuildPhase section */
		35F00B1226EFB0FE0094CFFA /* Sources */ = {
			isa = PBXSourcesBuildPhase;
			buildActionMask = 2147483647;
			files = (
				35F00B1A26EFB0FE0094CFFA /* AppDelegate.swift in Sources */,
				35F00B1C26EFB0FE0094CFFA /* SceneDelegate.swift in Sources */,
				35F00B4C26EFD9F40094CFFA /* MovieCell.swift in Sources */,
				35F00B4A26EFCAD50094CFFA /* MoviesViewController.swift in Sources */,
			);
			runOnlyForDeploymentPostprocessing = 0;
		};
		35F00B2826EFB1000094CFFA /* Sources */ = {
			isa = PBXSourcesBuildPhase;
			buildActionMask = 2147483647;
			files = (
				35F00B3126EFB1000094CFFA /* FlixsterTests.swift in Sources */,
			);
			runOnlyForDeploymentPostprocessing = 0;
		};
		35F00B3326EFB1000094CFFA /* Sources */ = {
			isa = PBXSourcesBuildPhase;
			buildActionMask = 2147483647;
			files = (
				35F00B3C26EFB1000094CFFA /* FlixsterUITests.swift in Sources */,
			);
			runOnlyForDeploymentPostprocessing = 0;
		};
/* End PBXSourcesBuildPhase section */

/* Begin PBXTargetDependency section */
		35F00B2E26EFB1000094CFFA /* PBXTargetDependency */ = {
			isa = PBXTargetDependency;
			target = 35F00B1526EFB0FE0094CFFA /* Flixster */;
			targetProxy = 35F00B2D26EFB1000094CFFA /* PBXContainerItemProxy */;
		};
		35F00B3926EFB1000094CFFA /* PBXTargetDependency */ = {
			isa = PBXTargetDependency;
			target = 35F00B1526EFB0FE0094CFFA /* Flixster */;
			targetProxy = 35F00B3826EFB1000094CFFA /* PBXContainerItemProxy */;
		};
/* End PBXTargetDependency section */

/* Begin PBXVariantGroup section */
		35F00B1F26EFB0FE0094CFFA /* Main.storyboard */ = {
			isa = PBXVariantGroup;
			children = (
				35F00B2026EFB0FE0094CFFA /* Base */,
			);
			name = Main.storyboard;
			sourceTree = "<group>";
		};
		35F00B2426EFB1000094CFFA /* LaunchScreen.storyboard */ = {
			isa = PBXVariantGroup;
			children = (
				35F00B2526EFB1000094CFFA /* Base */,
			);
			name = LaunchScreen.storyboard;
			sourceTree = "<group>";
		};
/* End PBXVariantGroup section */

/* Begin XCBuildConfiguration section */
		35F00B3E26EFB1000094CFFA /* Debug */ = {
			isa = XCBuildConfiguration;
			buildSettings = {
				ALWAYS_SEARCH_USER_PATHS = NO;
				CLANG_ANALYZER_NONNULL = YES;
				CLANG_ANALYZER_NUMBER_OBJECT_CONVERSION = YES_AGGRESSIVE;
				CLANG_CXX_LANGUAGE_STANDARD = "gnu++14";
				CLANG_CXX_LIBRARY = "libc++";
				CLANG_ENABLE_MODULES = YES;
				CLANG_ENABLE_OBJC_ARC = YES;
				CLANG_ENABLE_OBJC_WEAK = YES;
				CLANG_WARN_BLOCK_CAPTURE_AUTORELEASING = YES;
				CLANG_WARN_BOOL_CONVERSION = YES;
				CLANG_WARN_COMMA = YES;
				CLANG_WARN_CONSTANT_CONVERSION = YES;
				CLANG_WARN_DEPRECATED_OBJC_IMPLEMENTATIONS = YES;
				CLANG_WARN_DIRECT_OBJC_ISA_USAGE = YES_ERROR;
				CLANG_WARN_DOCUMENTATION_COMMENTS = YES;
				CLANG_WARN_EMPTY_BODY = YES;
				CLANG_WARN_ENUM_CONVERSION = YES;
				CLANG_WARN_INFINITE_RECURSION = YES;
				CLANG_WARN_INT_CONVERSION = YES;
				CLANG_WARN_NON_LITERAL_NULL_CONVERSION = YES;
				CLANG_WARN_OBJC_IMPLICIT_RETAIN_SELF = YES;
				CLANG_WARN_OBJC_LITERAL_CONVERSION = YES;
				CLANG_WARN_OBJC_ROOT_CLASS = YES_ERROR;
				CLANG_WARN_QUOTED_INCLUDE_IN_FRAMEWORK_HEADER = YES;
				CLANG_WARN_RANGE_LOOP_ANALYSIS = YES;
				CLANG_WARN_STRICT_PROTOTYPES = YES;
				CLANG_WARN_SUSPICIOUS_MOVE = YES;
				CLANG_WARN_UNGUARDED_AVAILABILITY = YES_AGGRESSIVE;
				CLANG_WARN_UNREACHABLE_CODE = YES;
				CLANG_WARN__DUPLICATE_METHOD_MATCH = YES;
				COPY_PHASE_STRIP = NO;
				DEBUG_INFORMATION_FORMAT = dwarf;
				ENABLE_STRICT_OBJC_MSGSEND = YES;
				ENABLE_TESTABILITY = YES;
				GCC_C_LANGUAGE_STANDARD = gnu11;
				GCC_DYNAMIC_NO_PIC = NO;
				GCC_NO_COMMON_BLOCKS = YES;
				GCC_OPTIMIZATION_LEVEL = 0;
				GCC_PREPROCESSOR_DEFINITIONS = (
					"DEBUG=1",
					"$(inherited)",
				);
				GCC_WARN_64_TO_32_BIT_CONVERSION = YES;
				GCC_WARN_ABOUT_RETURN_TYPE = YES_ERROR;
				GCC_WARN_UNDECLARED_SELECTOR = YES;
				GCC_WARN_UNINITIALIZED_AUTOS = YES_AGGRESSIVE;
				GCC_WARN_UNUSED_FUNCTION = YES;
				GCC_WARN_UNUSED_VARIABLE = YES;
				IPHONEOS_DEPLOYMENT_TARGET = 14.5;
				MTL_ENABLE_DEBUG_INFO = INCLUDE_SOURCE;
				MTL_FAST_MATH = YES;
				ONLY_ACTIVE_ARCH = YES;
				SDKROOT = iphoneos;
				SWIFT_ACTIVE_COMPILATION_CONDITIONS = DEBUG;
				SWIFT_OPTIMIZATION_LEVEL = "-Onone";
			};
			name = Debug;
		};
		35F00B3F26EFB1000094CFFA /* Release */ = {
			isa = XCBuildConfiguration;
			buildSettings = {
				ALWAYS_SEARCH_USER_PATHS = NO;
				CLANG_ANALYZER_NONNULL = YES;
				CLANG_ANALYZER_NUMBER_OBJECT_CONVERSION = YES_AGGRESSIVE;
				CLANG_CXX_LANGUAGE_STANDARD = "gnu++14";
				CLANG_CXX_LIBRARY = "libc++";
				CLANG_ENABLE_MODULES = YES;
				CLANG_ENABLE_OBJC_ARC = YES;
				CLANG_ENABLE_OBJC_WEAK = YES;
				CLANG_WARN_BLOCK_CAPTURE_AUTORELEASING = YES;
				CLANG_WARN_BOOL_CONVERSION = YES;
				CLANG_WARN_COMMA = YES;
				CLANG_WARN_CONSTANT_CONVERSION = YES;
				CLANG_WARN_DEPRECATED_OBJC_IMPLEMENTATIONS = YES;
				CLANG_WARN_DIRECT_OBJC_ISA_USAGE = YES_ERROR;
				CLANG_WARN_DOCUMENTATION_COMMENTS = YES;
				CLANG_WARN_EMPTY_BODY = YES;
				CLANG_WARN_ENUM_CONVERSION = YES;
				CLANG_WARN_INFINITE_RECURSION = YES;
				CLANG_WARN_INT_CONVERSION = YES;
				CLANG_WARN_NON_LITERAL_NULL_CONVERSION = YES;
				CLANG_WARN_OBJC_IMPLICIT_RETAIN_SELF = YES;
				CLANG_WARN_OBJC_LITERAL_CONVERSION = YES;
				CLANG_WARN_OBJC_ROOT_CLASS = YES_ERROR;
				CLANG_WARN_QUOTED_INCLUDE_IN_FRAMEWORK_HEADER = YES;
				CLANG_WARN_RANGE_LOOP_ANALYSIS = YES;
				CLANG_WARN_STRICT_PROTOTYPES = YES;
				CLANG_WARN_SUSPICIOUS_MOVE = YES;
				CLANG_WARN_UNGUARDED_AVAILABILITY = YES_AGGRESSIVE;
				CLANG_WARN_UNREACHABLE_CODE = YES;
				CLANG_WARN__DUPLICATE_METHOD_MATCH = YES;
				COPY_PHASE_STRIP = NO;
				DEBUG_INFORMATION_FORMAT = "dwarf-with-dsym";
				ENABLE_NS_ASSERTIONS = NO;
				ENABLE_STRICT_OBJC_MSGSEND = YES;
				GCC_C_LANGUAGE_STANDARD = gnu11;
				GCC_NO_COMMON_BLOCKS = YES;
				GCC_WARN_64_TO_32_BIT_CONVERSION = YES;
				GCC_WARN_ABOUT_RETURN_TYPE = YES_ERROR;
				GCC_WARN_UNDECLARED_SELECTOR = YES;
				GCC_WARN_UNINITIALIZED_AUTOS = YES_AGGRESSIVE;
				GCC_WARN_UNUSED_FUNCTION = YES;
				GCC_WARN_UNUSED_VARIABLE = YES;
				IPHONEOS_DEPLOYMENT_TARGET = 14.5;
				MTL_ENABLE_DEBUG_INFO = NO;
				MTL_FAST_MATH = YES;
				SDKROOT = iphoneos;
				SWIFT_COMPILATION_MODE = wholemodule;
				SWIFT_OPTIMIZATION_LEVEL = "-O";
				VALIDATE_PRODUCT = YES;
			};
			name = Release;
		};
		35F00B4126EFB1000094CFFA /* Debug */ = {
			isa = XCBuildConfiguration;
			baseConfigurationReference = 3B75C26CB71271E76080E620 /* Pods-Flixster.debug.xcconfig */;
			buildSettings = {
				ASSETCATALOG_COMPILER_APPICON_NAME = AppIcon;
				ASSETCATALOG_COMPILER_GLOBAL_ACCENT_COLOR_NAME = AccentColor;
				CODE_SIGN_STYLE = Automatic;
				DEVELOPMENT_TEAM = 4PC48G4783;
				INFOPLIST_FILE = Flixster/Info.plist;
				LD_RUNPATH_SEARCH_PATHS = (
					"$(inherited)",
					"@executable_path/Frameworks",
				);
				PRODUCT_BUNDLE_IDENTIFIER = JS.Flixster;
				PRODUCT_NAME = "$(TARGET_NAME)";
				SWIFT_VERSION = 5.0;
				TARGETED_DEVICE_FAMILY = "1,2";
			};
			name = Debug;
		};
		35F00B4226EFB1000094CFFA /* Release */ = {
			isa = XCBuildConfiguration;
			baseConfigurationReference = CA3CA80BF076FDD82AEFFF0A /* Pods-Flixster.release.xcconfig */;
			buildSettings = {
				ASSETCATALOG_COMPILER_APPICON_NAME = AppIcon;
				ASSETCATALOG_COMPILER_GLOBAL_ACCENT_COLOR_NAME = AccentColor;
				CODE_SIGN_STYLE = Automatic;
				DEVELOPMENT_TEAM = 4PC48G4783;
				INFOPLIST_FILE = Flixster/Info.plist;
				LD_RUNPATH_SEARCH_PATHS = (
					"$(inherited)",
					"@executable_path/Frameworks",
				);
				PRODUCT_BUNDLE_IDENTIFIER = JS.Flixster;
				PRODUCT_NAME = "$(TARGET_NAME)";
				SWIFT_VERSION = 5.0;
				TARGETED_DEVICE_FAMILY = "1,2";
			};
			name = Release;
		};
		35F00B4426EFB1000094CFFA /* Debug */ = {
			isa = XCBuildConfiguration;
			baseConfigurationReference = CCA711F644722EEFCAC693AB /* Pods-FlixsterTests.debug.xcconfig */;
			buildSettings = {
				ALWAYS_EMBED_SWIFT_STANDARD_LIBRARIES = YES;
				BUNDLE_LOADER = "$(TEST_HOST)";
				CODE_SIGN_STYLE = Automatic;
				DEVELOPMENT_TEAM = 4PC48G4783;
				INFOPLIST_FILE = FlixsterTests/Info.plist;
				IPHONEOS_DEPLOYMENT_TARGET = 14.5;
				LD_RUNPATH_SEARCH_PATHS = (
					"$(inherited)",
					"@executable_path/Frameworks",
					"@loader_path/Frameworks",
				);
				PRODUCT_BUNDLE_IDENTIFIER = JS.FlixsterTests;
				PRODUCT_NAME = "$(TARGET_NAME)";
				SWIFT_VERSION = 5.0;
				TARGETED_DEVICE_FAMILY = "1,2";
				TEST_HOST = "$(BUILT_PRODUCTS_DIR)/Flixster.app/Flixster";
			};
			name = Debug;
		};
		35F00B4526EFB1000094CFFA /* Release */ = {
			isa = XCBuildConfiguration;
			baseConfigurationReference = 17B6F5D33341AA70CAEACDD2 /* Pods-FlixsterTests.release.xcconfig */;
			buildSettings = {
				ALWAYS_EMBED_SWIFT_STANDARD_LIBRARIES = YES;
				BUNDLE_LOADER = "$(TEST_HOST)";
				CODE_SIGN_STYLE = Automatic;
				DEVELOPMENT_TEAM = 4PC48G4783;
				INFOPLIST_FILE = FlixsterTests/Info.plist;
				IPHONEOS_DEPLOYMENT_TARGET = 14.5;
				LD_RUNPATH_SEARCH_PATHS = (
					"$(inherited)",
					"@executable_path/Frameworks",
					"@loader_path/Frameworks",
				);
				PRODUCT_BUNDLE_IDENTIFIER = JS.FlixsterTests;
				PRODUCT_NAME = "$(TARGET_NAME)";
				SWIFT_VERSION = 5.0;
				TARGETED_DEVICE_FAMILY = "1,2";
				TEST_HOST = "$(BUILT_PRODUCTS_DIR)/Flixster.app/Flixster";
			};
			name = Release;
		};
		35F00B4726EFB1000094CFFA /* Debug */ = {
			isa = XCBuildConfiguration;
			baseConfigurationReference = 690B2B500951B78CC478DA4C /* Pods-Flixster-FlixsterUITests.debug.xcconfig */;
			buildSettings = {
				ALWAYS_EMBED_SWIFT_STANDARD_LIBRARIES = YES;
				CODE_SIGN_STYLE = Automatic;
				DEVELOPMENT_TEAM = 4PC48G4783;
				INFOPLIST_FILE = FlixsterUITests/Info.plist;
				LD_RUNPATH_SEARCH_PATHS = (
					"$(inherited)",
					"@executable_path/Frameworks",
					"@loader_path/Frameworks",
				);
				PRODUCT_BUNDLE_IDENTIFIER = JS.FlixsterUITests;
				PRODUCT_NAME = "$(TARGET_NAME)";
				SWIFT_VERSION = 5.0;
				TARGETED_DEVICE_FAMILY = "1,2";
				TEST_TARGET_NAME = Flixster;
			};
			name = Debug;
		};
		35F00B4826EFB1000094CFFA /* Release */ = {
			isa = XCBuildConfiguration;
			baseConfigurationReference = 943F7C773E8C03B55E09C8FC /* Pods-Flixster-FlixsterUITests.release.xcconfig */;
			buildSettings = {
				ALWAYS_EMBED_SWIFT_STANDARD_LIBRARIES = YES;
				CODE_SIGN_STYLE = Automatic;
				DEVELOPMENT_TEAM = 4PC48G4783;
				INFOPLIST_FILE = FlixsterUITests/Info.plist;
				LD_RUNPATH_SEARCH_PATHS = (
					"$(inherited)",
					"@executable_path/Frameworks",
					"@loader_path/Frameworks",
				);
				PRODUCT_BUNDLE_IDENTIFIER = JS.FlixsterUITests;
				PRODUCT_NAME = "$(TARGET_NAME)";
				SWIFT_VERSION = 5.0;
				TARGETED_DEVICE_FAMILY = "1,2";
				TEST_TARGET_NAME = Flixster;
			};
			name = Release;
		};
/* End XCBuildConfiguration section */

/* Begin XCConfigurationList section */
		35F00B1126EFB0FE0094CFFA /* Build configuration list for PBXProject "Flixster" */ = {
			isa = XCConfigurationList;
			buildConfigurations = (
				35F00B3E26EFB1000094CFFA /* Debug */,
				35F00B3F26EFB1000094CFFA /* Release */,
			);
			defaultConfigurationIsVisible = 0;
			defaultConfigurationName = Release;
		};
		35F00B4026EFB1000094CFFA /* Build configuration list for PBXNativeTarget "Flixster" */ = {
			isa = XCConfigurationList;
			buildConfigurations = (
				35F00B4126EFB1000094CFFA /* Debug */,
				35F00B4226EFB1000094CFFA /* Release */,
			);
			defaultConfigurationIsVisible = 0;
			defaultConfigurationName = Release;
		};
		35F00B4326EFB1000094CFFA /* Build configuration list for PBXNativeTarget "FlixsterTests" */ = {
			isa = XCConfigurationList;
			buildConfigurations = (
				35F00B4426EFB1000094CFFA /* Debug */,
				35F00B4526EFB1000094CFFA /* Release */,
			);
			defaultConfigurationIsVisible = 0;
			defaultConfigurationName = Release;
		};
		35F00B4626EFB1000094CFFA /* Build configuration list for PBXNativeTarget "FlixsterUITests" */ = {
			isa = XCConfigurationList;
			buildConfigurations = (
				35F00B4726EFB1000094CFFA /* Debug */,
				35F00B4826EFB1000094CFFA /* Release */,
			);
			defaultConfigurationIsVisible = 0;
			defaultConfigurationName = Release;
		};
/* End XCConfigurationList section */

/* Begin XCRemoteSwiftPackageReference section */
		35F00B4D26EFDE920094CFFA /* XCRemoteSwiftPackageReference "AlamofireImage" */ = {
			isa = XCRemoteSwiftPackageReference;
			repositoryURL = "https://github.com/Alamofire/AlamofireImage";
			requirement = {
				kind = upToNextMajorVersion;
				minimumVersion = 4.2.0;
			};
		};
/* End XCRemoteSwiftPackageReference section */

/* Begin XCSwiftPackageProductDependency section */
		35F00B4E26EFDE920094CFFA /* AlamofireImage */ = {
			isa = XCSwiftPackageProductDependency;
			package = 35F00B4D26EFDE920094CFFA /* XCRemoteSwiftPackageReference "AlamofireImage" */;
			productName = AlamofireImage;
		};
/* End XCSwiftPackageProductDependency section */
	};
	rootObject = 35F00B0E26EFB0FE0094CFFA /* Project object */;
}
